
Microsoft Visual Studio Solution File, Format Version 12.00
# Visual Studio Version 16
VisualStudioVersion = 16.0.29728.190
MinimumVisualStudioVersion = 10.0.40219.1
Project("{FAE04EC0-301F-11D3-BF4B-00C04F79EFBC}") = "Demo1", "Demo1\Demo1.csproj", "{DC1E8C90-E5CB-48AE-940D-F64ED346D793}"
EndProject
Global
	GlobalSection(SolutionConfigurationPlatforms) = preSolution
		Debug|Any CPU = Debug|Any CPU
		Release|Any CPU = Release|Any CPU
	EndGlobalSection
	GlobalSection(ProjectConfigurationPlatforms) = postSolution
		{DC1E8C90-E5CB-48AE-940D-F64ED346D793}.Debug|Any CPU.ActiveCfg = Debug|Any CPU
		{DC1E8C90-E5CB-48AE-940D-F64ED346D793}.Debug|Any CPU.Build.0 = Debug|Any CPU
		{DC1E8C90-E5CB-48AE-940D-F64ED346D793}.Release|Any CPU.ActiveCfg = Release|Any CPU
		{DC1E8C90-E5CB-48AE-940D-F64ED346D793}.Release|Any CPU.Build.0 = Release|Any CPU
	EndGlobalSection
	GlobalSection(SolutionProperties) = preSolution
		HideSolutionNode = FALSE
	EndGlobalSection
	GlobalSection(ExtensibilityGlobals) = postSolution
		SolutionGuid = {8089EA22-52BE-448B-A31D-6232B8929D85}
	EndGlobalSection
EndGlobal
